
Microsoft Visual Studio Solution File, Format Version 12.00
# Visual Studio Version 17
VisualStudioVersion = 17.11.35312.102
MinimumVisualStudioVersion = 10.0.40219.1
Project("{FAE04EC0-301F-11D3-BF4B-00C04F79EFBC}") = "LINQ2-Asssignment", "LINQ2-Asssignment.csproj", "{9B3415FB-F726-41FD-94AF-5CD014280B59}"
EndProject
Global
	GlobalSection(SolutionConfigurationPlatforms) = preSolution
		Debug|Any CPU = Debug|Any CPU
		Release|Any CPU = Release|Any CPU
	EndGlobalSection
	GlobalSection(ProjectConfigurationPlatforms) = postSolution
		{9B3415FB-F726-41FD-94AF-5CD014280B59}.Debug|Any CPU.ActiveCfg = Debug|Any CPU
		{9B3415FB-F726-41FD-94AF-5CD014280B59}.Debug|Any CPU.Build.0 = Debug|Any CPU
		{9B3415FB-F726-41FD-94AF-5CD014280B59}.Release|Any CPU.ActiveCfg = Release|Any CPU
		{9B3415FB-F726-41FD-94AF-5CD014280B59}.Release|Any CPU.Build.0 = Release|Any CPU
	EndGlobalSection
	GlobalSection(SolutionProperties) = preSolution
		HideSolutionNode = FALSE
	EndGlobalSection
	GlobalSection(ExtensibilityGlobals) = postSolution
		SolutionGuid = {7E6B11F5-F806-4471-B134-0D9D22ACCC6F}
	EndGlobalSection
EndGlobal
