
Microsoft Visual Studio Solution File, Format Version 12.00
# Visual Studio Version 17
VisualStudioVersion = 17.11.35312.102
MinimumVisualStudioVersion = 10.0.40219.1
Project("{FAE04EC0-301F-11D3-BF4B-00C04F79EFBC}") = "LINQ2-Demo", "LINQ2-Demo.csproj", "{2ECAE688-E055-47DB-953E-7AF21A233C8F}"
EndProject
Global
	GlobalSection(SolutionConfigurationPlatforms) = preSolution
		Debug|Any CPU = Debug|Any CPU
		Release|Any CPU = Release|Any CPU
	EndGlobalSection
	GlobalSection(ProjectConfigurationPlatforms) = postSolution
		{2ECAE688-E055-47DB-953E-7AF21A233C8F}.Debug|Any CPU.ActiveCfg = Debug|Any CPU
		{2ECAE688-E055-47DB-953E-7AF21A233C8F}.Debug|Any CPU.Build.0 = Debug|Any CPU
		{2ECAE688-E055-47DB-953E-7AF21A233C8F}.Release|Any CPU.ActiveCfg = Release|Any CPU
		{2ECAE688-E055-47DB-953E-7AF21A233C8F}.Release|Any CPU.Build.0 = Release|Any CPU
	EndGlobalSection
	GlobalSection(SolutionProperties) = preSolution
		HideSolutionNode = FALSE
	EndGlobalSection
	GlobalSection(ExtensibilityGlobals) = postSolution
		SolutionGuid = {3397B0B2-3322-43B0-8105-65E6C359D9E3}
	EndGlobalSection
EndGlobal
